// !$*UTF8*$!
{
	archiveVersion = 1;
	classes = {
	};
	objectVersion = 51;
	objects = {

/* Begin PBXBuildFile section */
		0B299CFC26531CA8005A2B77 /* AppDelegate.swift in Sources */ = {isa = PBXBuildFile; fileRef = 0B299CFB26531CA8005A2B77 /* AppDelegate.swift */; };
		0B299CFE26531CA8005A2B77 /* SceneDelegate.swift in Sources */ = {isa = PBXBuildFile; fileRef = 0B299CFD26531CA8005A2B77 /* SceneDelegate.swift */; };
		0B299D0326531CA8005A2B77 /* Main.storyboard in Resources */ = {isa = PBXBuildFile; fileRef = 0B299D0126531CA8005A2B77 /* Main.storyboard */; };
		0B299D0526531CA9005A2B77 /* Assets.xcassets in Resources */ = {isa = PBXBuildFile; fileRef = 0B299D0426531CA9005A2B77 /* Assets.xcassets */; };
		0B299D0826531CA9005A2B77 /* LaunchScreen.storyboard in Resources */ = {isa = PBXBuildFile; fileRef = 0B299D0626531CA9005A2B77 /* LaunchScreen.storyboard */; };
		0B299D3226531FAA005A2B77 /* GoogleService-Info.plist in Resources */ = {isa = PBXBuildFile; fileRef = 0B299D3126531FAA005A2B77 /* GoogleService-Info.plist */; };
		0B299D7126532831005A2B77 /* User.swift in Sources */ = {isa = PBXBuildFile; fileRef = 0B299D7026532831005A2B77 /* User.swift */; };
		0B299D7526532881005A2B77 /* DatabaseManager.swift in Sources */ = {isa = PBXBuildFile; fileRef = 0B299D7426532881005A2B77 /* DatabaseManager.swift */; };
		0B299D8F26532F08005A2B77 /* VCAddUserViewController.swift in Sources */ = {isa = PBXBuildFile; fileRef = 0B299D8E26532F08005A2B77 /* VCAddUserViewController.swift */; };
		0B299D9C2653308A005A2B77 /* VCMain.swift in Sources */ = {isa = PBXBuildFile; fileRef = 0B299D9B2653308A005A2B77 /* VCMain.swift */; };
		0B33D179265432C70006B132 /* Lunchbreak.swift in Sources */ = {isa = PBXBuildFile; fileRef = 0B33D178265432C70006B132 /* Lunchbreak.swift */; };
		0B33D181265440430006B132 /* VCCreateLunchbreak.swift in Sources */ = {isa = PBXBuildFile; fileRef = 0B33D180265440430006B132 /* VCCreateLunchbreak.swift */; };
		0B33D18A265441A70006B132 /* TVCViewLunchbreaks.swift in Sources */ = {isa = PBXBuildFile; fileRef = 0B33D189265441A70006B132 /* TVCViewLunchbreaks.swift */; };
		0B33D18E2654420B0006B132 /* TVCAddFriends.swift in Sources */ = {isa = PBXBuildFile; fileRef = 0B33D18D2654420B0006B132 /* TVCAddFriends.swift */; };
		0F8CE1AF2655A6D600BFD66A /* SelectionButton.swift in Sources */ = {isa = PBXBuildFile; fileRef = 0F8CE1AE2655A6D600BFD66A /* SelectionButton.swift */; };
		0FA6E29B2654838800EC7133 /* RedHatDisplay-Black.ttf in Resources */ = {isa = PBXBuildFile; fileRef = 0FA6E2962654838800EC7133 /* RedHatDisplay-Black.ttf */; };
		0FA6E29C2654838800EC7133 /* RedHatDisplay-Bold.ttf in Resources */ = {isa = PBXBuildFile; fileRef = 0FA6E2972654838800EC7133 /* RedHatDisplay-Bold.ttf */; };
		0FA6E29D2654838800EC7133 /* PublicSans-Regular.ttf in Resources */ = {isa = PBXBuildFile; fileRef = 0FA6E2982654838800EC7133 /* PublicSans-Regular.ttf */; };
		0FA6E29E2654838800EC7133 /* PublicSans-Bold.ttf in Resources */ = {isa = PBXBuildFile; fileRef = 0FA6E2992654838800EC7133 /* PublicSans-Bold.ttf */; };
		0FA6E29F2654838800EC7133 /* PublicSans-Medium.ttf in Resources */ = {isa = PBXBuildFile; fileRef = 0FA6E29A2654838800EC7133 /* PublicSans-Medium.ttf */; };
		0FA6E2A2265484F700EC7133 /* Circular Std Book.ttf in Resources */ = {isa = PBXBuildFile; fileRef = 0FA6E2A1265484F700EC7133 /* Circular Std Book.ttf */; };
		0FA6E2A52654851100EC7133 /* Circular Std Medium.ttf in Resources */ = {isa = PBXBuildFile; fileRef = 0FA6E2A42654851100EC7133 /* Circular Std Medium.ttf */; };
		0FA6E2A8265488D700EC7133 /* intro.jpeg in Resources */ = {isa = PBXBuildFile; fileRef = 0FA6E2A7265488D700EC7133 /* intro.jpeg */; };
		0FA6E2AB265489CE00EC7133 /* logo.png in Resources */ = {isa = PBXBuildFile; fileRef = 0FA6E2AA265489CE00EC7133 /* logo.png */; };
		0FA6E2AE26548A6400EC7133 /* Circular Std Bold.ttf in Resources */ = {isa = PBXBuildFile; fileRef = 0FA6E2AD26548A6400EC7133 /* Circular Std Bold.ttf */; };
		0FA6E2BD2654978700EC7133 /* VCLogin.swift in Sources */ = {isa = PBXBuildFile; fileRef = 0FA6E2BC2654978700EC7133 /* VCLogin.swift */; };
		0FA6E2D926549D5700EC7133 /* VCSignUp.swift in Sources */ = {isa = PBXBuildFile; fileRef = 0FA6E2D826549D5700EC7133 /* VCSignUp.swift */; };
		0FF09B6D2659EE0C00A5BC49 /* VCEditFood.swift in Sources */ = {isa = PBXBuildFile; fileRef = 0FF09B6C2659EE0C00A5BC49 /* VCEditFood.swift */; };
		8D19FC1F26586ED900523E89 /* CollectionViewCellFavoritePlaces.swift in Sources */ = {isa = PBXBuildFile; fileRef = 8D19FC1E26586ED900523E89 /* CollectionViewCellFavoritePlaces.swift */; };
		8DDEDA3D2654906900DA6D88 /* TableViewCellLunchB.swift in Sources */ = {isa = PBXBuildFile; fileRef = 8DDEDA3C2654906900DA6D88 /* TableViewCellLunchB.swift */; };
		8DDEDA55265498B200DA6D88 /* ViewControllerMyFriends.swift in Sources */ = {isa = PBXBuildFile; fileRef = 8DDEDA54265498B200DA6D88 /* ViewControllerMyFriends.swift */; };
		8DDEDA582654A32800DA6D88 /* ViewControllerProfile.swift in Sources */ = {isa = PBXBuildFile; fileRef = 8DDEDA572654A32800DA6D88 /* ViewControllerProfile.swift */; };
		FA36A10BE2B40D6C1FDADA60 /* Pods_APIS_Lunchbreak.framework in Frameworks */ = {isa = PBXBuildFile; fileRef = 77CB008422EE73E32A3F3A87 /* Pods_APIS_Lunchbreak.framework */; };
/* End PBXBuildFile section */

/* Begin PBXFileReference section */
		0B299CF826531CA8005A2B77 /* APIS_Lunchbreak.app */ = {isa = PBXFileReference; explicitFileType = wrapper.application; includeInIndex = 0; path = APIS_Lunchbreak.app; sourceTree = BUILT_PRODUCTS_DIR; };
		0B299CFB26531CA8005A2B77 /* AppDelegate.swift */ = {isa = PBXFileReference; lastKnownFileType = sourcecode.swift; path = AppDelegate.swift; sourceTree = "<group>"; };
		0B299CFD26531CA8005A2B77 /* SceneDelegate.swift */ = {isa = PBXFileReference; lastKnownFileType = sourcecode.swift; path = SceneDelegate.swift; sourceTree = "<group>"; };
		0B299D0226531CA8005A2B77 /* Base */ = {isa = PBXFileReference; lastKnownFileType = file.storyboard; name = Base; path = Base.lproj/Main.storyboard; sourceTree = "<group>"; };
		0B299D0426531CA9005A2B77 /* Assets.xcassets */ = {isa = PBXFileReference; lastKnownFileType = folder.assetcatalog; path = Assets.xcassets; sourceTree = "<group>"; };
		0B299D0726531CA9005A2B77 /* Base */ = {isa = PBXFileReference; lastKnownFileType = file.storyboard; name = Base; path = Base.lproj/LaunchScreen.storyboard; sourceTree = "<group>"; };
		0B299D0926531CA9005A2B77 /* Info.plist */ = {isa = PBXFileReference; lastKnownFileType = text.plist.xml; path = Info.plist; sourceTree = "<group>"; };
		0B299D3126531FAA005A2B77 /* GoogleService-Info.plist */ = {isa = PBXFileReference; fileEncoding = 4; lastKnownFileType = text.plist.xml; path = "GoogleService-Info.plist"; sourceTree = "<group>"; };
		0B299D7026532831005A2B77 /* User.swift */ = {isa = PBXFileReference; lastKnownFileType = sourcecode.swift; path = User.swift; sourceTree = "<group>"; };
		0B299D7426532881005A2B77 /* DatabaseManager.swift */ = {isa = PBXFileReference; lastKnownFileType = sourcecode.swift; path = DatabaseManager.swift; sourceTree = "<group>"; };
		0B299D8E26532F08005A2B77 /* VCAddUserViewController.swift */ = {isa = PBXFileReference; lastKnownFileType = sourcecode.swift; path = VCAddUserViewController.swift; sourceTree = "<group>"; };
		0B299D9B2653308A005A2B77 /* VCMain.swift */ = {isa = PBXFileReference; lastKnownFileType = sourcecode.swift; path = VCMain.swift; sourceTree = "<group>"; };
		0B33D178265432C70006B132 /* Lunchbreak.swift */ = {isa = PBXFileReference; lastKnownFileType = sourcecode.swift; path = Lunchbreak.swift; sourceTree = "<group>"; };
		0B33D180265440430006B132 /* VCCreateLunchbreak.swift */ = {isa = PBXFileReference; lastKnownFileType = sourcecode.swift; path = VCCreateLunchbreak.swift; sourceTree = "<group>"; };
		0B33D189265441A70006B132 /* TVCViewLunchbreaks.swift */ = {isa = PBXFileReference; lastKnownFileType = sourcecode.swift; path = TVCViewLunchbreaks.swift; sourceTree = "<group>"; };
		0B33D18D2654420B0006B132 /* TVCAddFriends.swift */ = {isa = PBXFileReference; lastKnownFileType = sourcecode.swift; path = TVCAddFriends.swift; sourceTree = "<group>"; };
		0F8CE1AE2655A6D600BFD66A /* SelectionButton.swift */ = {isa = PBXFileReference; lastKnownFileType = sourcecode.swift; name = SelectionButton.swift; path = APIS_Lunchbreak/Helpers/SelectionButton.swift; sourceTree = SOURCE_ROOT; };
		0FA6E2962654838800EC7133 /* RedHatDisplay-Black.ttf */ = {isa = PBXFileReference; lastKnownFileType = file; path = "RedHatDisplay-Black.ttf"; sourceTree = "<group>"; };
		0FA6E2972654838800EC7133 /* RedHatDisplay-Bold.ttf */ = {isa = PBXFileReference; lastKnownFileType = file; path = "RedHatDisplay-Bold.ttf"; sourceTree = "<group>"; };
		0FA6E2982654838800EC7133 /* PublicSans-Regular.ttf */ = {isa = PBXFileReference; lastKnownFileType = file; path = "PublicSans-Regular.ttf"; sourceTree = "<group>"; };
		0FA6E2992654838800EC7133 /* PublicSans-Bold.ttf */ = {isa = PBXFileReference; lastKnownFileType = file; path = "PublicSans-Bold.ttf"; sourceTree = "<group>"; };
		0FA6E29A2654838800EC7133 /* PublicSans-Medium.ttf */ = {isa = PBXFileReference; lastKnownFileType = file; path = "PublicSans-Medium.ttf"; sourceTree = "<group>"; };
		0FA6E2A1265484F700EC7133 /* Circular Std Book.ttf */ = {isa = PBXFileReference; lastKnownFileType = file; path = "Circular Std Book.ttf"; sourceTree = "<group>"; };
		0FA6E2A42654851100EC7133 /* Circular Std Medium.ttf */ = {isa = PBXFileReference; lastKnownFileType = file; path = "Circular Std Medium.ttf"; sourceTree = "<group>"; };
		0FA6E2A7265488D700EC7133 /* intro.jpeg */ = {isa = PBXFileReference; lastKnownFileType = image.jpeg; path = intro.jpeg; sourceTree = "<group>"; };
		0FA6E2AA265489CE00EC7133 /* logo.png */ = {isa = PBXFileReference; lastKnownFileType = image.png; path = logo.png; sourceTree = "<group>"; };
		0FA6E2AD26548A6400EC7133 /* Circular Std Bold.ttf */ = {isa = PBXFileReference; lastKnownFileType = file; path = "Circular Std Bold.ttf"; sourceTree = "<group>"; };
		0FA6E2BC2654978700EC7133 /* VCLogin.swift */ = {isa = PBXFileReference; lastKnownFileType = sourcecode.swift; path = VCLogin.swift; sourceTree = "<group>"; };
		0FA6E2D826549D5700EC7133 /* VCSignUp.swift */ = {isa = PBXFileReference; lastKnownFileType = sourcecode.swift; path = VCSignUp.swift; sourceTree = "<group>"; };
		0FF09B6C2659EE0C00A5BC49 /* VCEditFood.swift */ = {isa = PBXFileReference; lastKnownFileType = sourcecode.swift; path = VCEditFood.swift; sourceTree = "<group>"; };
		744AEEE3700BC57B4FB3FF97 /* Pods-APIS_Lunchbreak.release.xcconfig */ = {isa = PBXFileReference; includeInIndex = 1; lastKnownFileType = text.xcconfig; name = "Pods-APIS_Lunchbreak.release.xcconfig"; path = "Target Support Files/Pods-APIS_Lunchbreak/Pods-APIS_Lunchbreak.release.xcconfig"; sourceTree = "<group>"; };
		77CB008422EE73E32A3F3A87 /* Pods_APIS_Lunchbreak.framework */ = {isa = PBXFileReference; explicitFileType = wrapper.framework; includeInIndex = 0; path = Pods_APIS_Lunchbreak.framework; sourceTree = BUILT_PRODUCTS_DIR; };
		8D19FC1E26586ED900523E89 /* CollectionViewCellFavoritePlaces.swift */ = {isa = PBXFileReference; lastKnownFileType = sourcecode.swift; path = CollectionViewCellFavoritePlaces.swift; sourceTree = "<group>"; };
		8DDEDA3C2654906900DA6D88 /* TableViewCellLunchB.swift */ = {isa = PBXFileReference; lastKnownFileType = sourcecode.swift; path = TableViewCellLunchB.swift; sourceTree = "<group>"; };
		8DDEDA54265498B200DA6D88 /* ViewControllerMyFriends.swift */ = {isa = PBXFileReference; lastKnownFileType = sourcecode.swift; path = ViewControllerMyFriends.swift; sourceTree = "<group>"; };
		8DDEDA572654A32800DA6D88 /* ViewControllerProfile.swift */ = {isa = PBXFileReference; lastKnownFileType = sourcecode.swift; path = ViewControllerProfile.swift; sourceTree = "<group>"; };
		B113359C2A489C3EE07AD245 /* Pods-APIS_Lunchbreak.debug.xcconfig */ = {isa = PBXFileReference; includeInIndex = 1; lastKnownFileType = text.xcconfig; name = "Pods-APIS_Lunchbreak.debug.xcconfig"; path = "Target Support Files/Pods-APIS_Lunchbreak/Pods-APIS_Lunchbreak.debug.xcconfig"; sourceTree = "<group>"; };
/* End PBXFileReference section */

/* Begin PBXFrameworksBuildPhase section */
		0B299CF526531CA7005A2B77 /* Frameworks */ = {
			isa = PBXFrameworksBuildPhase;
			buildActionMask = 2147483647;
			files = (
				FA36A10BE2B40D6C1FDADA60 /* Pods_APIS_Lunchbreak.framework in Frameworks */,
			);
			runOnlyForDeploymentPostprocessing = 0;
		};
/* End PBXFrameworksBuildPhase section */

/* Begin PBXGroup section */
		0B299CEF26531CA7005A2B77 = {
			isa = PBXGroup;
			children = (
				0B299CFA26531CA8005A2B77 /* APIS_Lunchbreak */,
				0B299CF926531CA8005A2B77 /* Products */,
				0EF5BEB48FA686CCC2308306 /* Pods */,
				63D0072D93537E13A4C35B3E /* Frameworks */,
			);
			sourceTree = "<group>";
		};
		0B299CF926531CA8005A2B77 /* Products */ = {
			isa = PBXGroup;
			children = (
				0B299CF826531CA8005A2B77 /* APIS_Lunchbreak.app */,
			);
			name = Products;
			sourceTree = "<group>";
		};
		0B299CFA26531CA8005A2B77 /* APIS_Lunchbreak */ = {
			isa = PBXGroup;
			children = (
				0FA6E2952654838800EC7133 /* Fonts */,
				0B33D17E26543F650006B132 /* Assets */,
				0B299D732653286D005A2B77 /* Helpers */,
				0B299D6A265327CC005A2B77 /* Modelo */,
				0B299CFB26531CA8005A2B77 /* AppDelegate.swift */,
				0B299CFD26531CA8005A2B77 /* SceneDelegate.swift */,
				0B299D0126531CA8005A2B77 /* Main.storyboard */,
				0B299D8D26532EE5005A2B77 /* Views */,
				0B299D0426531CA9005A2B77 /* Assets.xcassets */,
				0B299D0626531CA9005A2B77 /* LaunchScreen.storyboard */,
				0B299D0926531CA9005A2B77 /* Info.plist */,
				0B299D3126531FAA005A2B77 /* GoogleService-Info.plist */,
			);
			path = APIS_Lunchbreak;
			sourceTree = "<group>";
		};
		0B299D6A265327CC005A2B77 /* Modelo */ = {
			isa = PBXGroup;
			children = (
				0B299D7026532831005A2B77 /* User.swift */,
				0B33D178265432C70006B132 /* Lunchbreak.swift */,
			);
			path = Modelo;
			sourceTree = "<group>";
		};
		0B299D732653286D005A2B77 /* Helpers */ = {
			isa = PBXGroup;
			children = (
				0B299D7426532881005A2B77 /* DatabaseManager.swift */,
			);
			path = Helpers;
			sourceTree = "<group>";
		};
		0B299D8D26532EE5005A2B77 /* Views */ = {
			isa = PBXGroup;
			children = (
				8DDEDA572654A32800DA6D88 /* ViewControllerProfile.swift */,
				8DDEDA54265498B200DA6D88 /* ViewControllerMyFriends.swift */,
				0FF09B6C2659EE0C00A5BC49 /* VCEditFood.swift */,
				8DDEDA3C2654906900DA6D88 /* TableViewCellLunchB.swift */,
				0B299D8E26532F08005A2B77 /* VCAddUserViewController.swift */,
				0FA6E2BC2654978700EC7133 /* VCLogin.swift */,
				0B299D9B2653308A005A2B77 /* VCMain.swift */,
				0B33D180265440430006B132 /* VCCreateLunchbreak.swift */,
				0B33D189265441A70006B132 /* TVCViewLunchbreaks.swift */,
				0B33D18D2654420B0006B132 /* TVCAddFriends.swift */,
				0FA6E2D826549D5700EC7133 /* VCSignUp.swift */,
				0F8CE1AE2655A6D600BFD66A /* SelectionButton.swift */,
				8D19FC1E26586ED900523E89 /* CollectionViewCellFavoritePlaces.swift */,
			);
			path = Views;
			sourceTree = "<group>";
		};
		0B33D17E26543F650006B132 /* Assets */ = {
			isa = PBXGroup;
			children = (
				0FA6E2AA265489CE00EC7133 /* logo.png */,
				0FA6E2A7265488D700EC7133 /* intro.jpeg */,
			);
			path = Assets;
			sourceTree = "<group>";
		};
		0EF5BEB48FA686CCC2308306 /* Pods */ = {
			isa = PBXGroup;
			children = (
				B113359C2A489C3EE07AD245 /* Pods-APIS_Lunchbreak.debug.xcconfig */,
				744AEEE3700BC57B4FB3FF97 /* Pods-APIS_Lunchbreak.release.xcconfig */,
			);
			path = Pods;
			sourceTree = "<group>";
		};
		0FA6E2952654838800EC7133 /* Fonts */ = {
			isa = PBXGroup;
			children = (
				0FA6E2A1265484F700EC7133 /* Circular Std Book.ttf */,
				0FA6E2A42654851100EC7133 /* Circular Std Medium.ttf */,
				0FA6E2962654838800EC7133 /* RedHatDisplay-Black.ttf */,
				0FA6E2972654838800EC7133 /* RedHatDisplay-Bold.ttf */,
				0FA6E2982654838800EC7133 /* PublicSans-Regular.ttf */,
				0FA6E2992654838800EC7133 /* PublicSans-Bold.ttf */,
				0FA6E2AD26548A6400EC7133 /* Circular Std Bold.ttf */,
				0FA6E29A2654838800EC7133 /* PublicSans-Medium.ttf */,
			);
			path = Fonts;
			sourceTree = "<group>";
		};
		63D0072D93537E13A4C35B3E /* Frameworks */ = {
			isa = PBXGroup;
			children = (
				77CB008422EE73E32A3F3A87 /* Pods_APIS_Lunchbreak.framework */,
			);
			name = Frameworks;
			sourceTree = "<group>";
		};
/* End PBXGroup section */

/* Begin PBXNativeTarget section */
		0B299CF726531CA7005A2B77 /* APIS_Lunchbreak */ = {
			isa = PBXNativeTarget;
			buildConfigurationList = 0B299D0C26531CA9005A2B77 /* Build configuration list for PBXNativeTarget "APIS_Lunchbreak" */;
			buildPhases = (
				D8B7E9B7A95493614477E251 /* [CP] Check Pods Manifest.lock */,
				0B299CF426531CA7005A2B77 /* Sources */,
				0B299CF526531CA7005A2B77 /* Frameworks */,
				0B299CF626531CA7005A2B77 /* Resources */,
				8A257A3138768962701D95D3 /* [CP] Embed Pods Frameworks */,
			);
			buildRules = (
			);
			dependencies = (
			);
			name = APIS_Lunchbreak;
			productName = APIS_Lunchbreak;
			productReference = 0B299CF826531CA8005A2B77 /* APIS_Lunchbreak.app */;
			productType = "com.apple.product-type.application";
		};
/* End PBXNativeTarget section */

/* Begin PBXProject section */
		0B299CF026531CA7005A2B77 /* Project object */ = {
			isa = PBXProject;
			attributes = {
				LastSwiftUpdateCheck = 1210;
				LastUpgradeCheck = 1210;
				TargetAttributes = {
					0B299CF726531CA7005A2B77 = {
						CreatedOnToolsVersion = 12.1;
					};
				};
			};
			buildConfigurationList = 0B299CF326531CA7005A2B77 /* Build configuration list for PBXProject "APIS_Lunchbreak" */;
			compatibilityVersion = "Xcode 9.3";
			developmentRegion = en;
			hasScannedForEncodings = 0;
			knownRegions = (
				en,
				Base,
			);
			mainGroup = 0B299CEF26531CA7005A2B77;
			productRefGroup = 0B299CF926531CA8005A2B77 /* Products */;
			projectDirPath = "";
			projectRoot = "";
			targets = (
				0B299CF726531CA7005A2B77 /* APIS_Lunchbreak */,
			);
		};
/* End PBXProject section */

/* Begin PBXResourcesBuildPhase section */
		0B299CF626531CA7005A2B77 /* Resources */ = {
			isa = PBXResourcesBuildPhase;
			buildActionMask = 2147483647;
			files = (
				0FA6E2AB265489CE00EC7133 /* logo.png in Resources */,
				0B299D0826531CA9005A2B77 /* LaunchScreen.storyboard in Resources */,
				0FA6E29E2654838800EC7133 /* PublicSans-Bold.ttf in Resources */,
				0FA6E2A8265488D700EC7133 /* intro.jpeg in Resources */,
				0FA6E2AE26548A6400EC7133 /* Circular Std Bold.ttf in Resources */,
				0FA6E29B2654838800EC7133 /* RedHatDisplay-Black.ttf in Resources */,
				0FA6E29F2654838800EC7133 /* PublicSans-Medium.ttf in Resources */,
				0B299D3226531FAA005A2B77 /* GoogleService-Info.plist in Resources */,
				0B299D0526531CA9005A2B77 /* Assets.xcassets in Resources */,
				0FA6E29C2654838800EC7133 /* RedHatDisplay-Bold.ttf in Resources */,
				0B299D0326531CA8005A2B77 /* Main.storyboard in Resources */,
				0FA6E2A52654851100EC7133 /* Circular Std Medium.ttf in Resources */,
				0FA6E2A2265484F700EC7133 /* Circular Std Book.ttf in Resources */,
				0FA6E29D2654838800EC7133 /* PublicSans-Regular.ttf in Resources */,
			);
			runOnlyForDeploymentPostprocessing = 0;
		};
/* End PBXResourcesBuildPhase section */

/* Begin PBXShellScriptBuildPhase section */
		8A257A3138768962701D95D3 /* [CP] Embed Pods Frameworks */ = {
			isa = PBXShellScriptBuildPhase;
			buildActionMask = 2147483647;
			files = (
			);
			inputFileListPaths = (
				"${PODS_ROOT}/Target Support Files/Pods-APIS_Lunchbreak/Pods-APIS_Lunchbreak-frameworks-${CONFIGURATION}-input-files.xcfilelist",
			);
			name = "[CP] Embed Pods Frameworks";
			outputFileListPaths = (
				"${PODS_ROOT}/Target Support Files/Pods-APIS_Lunchbreak/Pods-APIS_Lunchbreak-frameworks-${CONFIGURATION}-output-files.xcfilelist",
			);
			runOnlyForDeploymentPostprocessing = 0;
			shellPath = /bin/sh;
			shellScript = "\"${PODS_ROOT}/Target Support Files/Pods-APIS_Lunchbreak/Pods-APIS_Lunchbreak-frameworks.sh\"\n";
			showEnvVarsInLog = 0;
		};
		D8B7E9B7A95493614477E251 /* [CP] Check Pods Manifest.lock */ = {
			isa = PBXShellScriptBuildPhase;
			buildActionMask = 2147483647;
			files = (
			);
			inputFileListPaths = (
			);
			inputPaths = (
				"${PODS_PODFILE_DIR_PATH}/Podfile.lock",
				"${PODS_ROOT}/Manifest.lock",
			);
			name = "[CP] Check Pods Manifest.lock";
			outputFileListPaths = (
			);
			outputPaths = (
				"$(DERIVED_FILE_DIR)/Pods-APIS_Lunchbreak-checkManifestLockResult.txt",
			);
			runOnlyForDeploymentPostprocessing = 0;
			shellPath = /bin/sh;
			shellScript = "diff \"${PODS_PODFILE_DIR_PATH}/Podfile.lock\" \"${PODS_ROOT}/Manifest.lock\" > /dev/null\nif [ $? != 0 ] ; then\n    # print error to STDERR\n    echo \"error: The sandbox is not in sync with the Podfile.lock. Run 'pod install' or update your CocoaPods installation.\" >&2\n    exit 1\nfi\n# This output is used by Xcode 'outputs' to avoid re-running this script phase.\necho \"SUCCESS\" > \"${SCRIPT_OUTPUT_FILE_0}\"\n";
			showEnvVarsInLog = 0;
		};
/* End PBXShellScriptBuildPhase section */

/* Begin PBXSourcesBuildPhase section */
		0B299CF426531CA7005A2B77 /* Sources */ = {
			isa = PBXSourcesBuildPhase;
			buildActionMask = 2147483647;
			files = (
				0B299D8F26532F08005A2B77 /* VCAddUserViewController.swift in Sources */,
				8DDEDA3D2654906900DA6D88 /* TableViewCellLunchB.swift in Sources */,
				0FF09B6D2659EE0C00A5BC49 /* VCEditFood.swift in Sources */,
				0F8CE1AF2655A6D600BFD66A /* SelectionButton.swift in Sources */,
				8D19FC1F26586ED900523E89 /* CollectionViewCellFavoritePlaces.swift in Sources */,
				0B33D18A265441A70006B132 /* TVCViewLunchbreaks.swift in Sources */,
				0B33D179265432C70006B132 /* Lunchbreak.swift in Sources */,
				0B33D18E2654420B0006B132 /* TVCAddFriends.swift in Sources */,
				0B299D9C2653308A005A2B77 /* VCMain.swift in Sources */,
				0FA6E2BD2654978700EC7133 /* VCLogin.swift in Sources */,
				0B299D7126532831005A2B77 /* User.swift in Sources */,
				0B299D7526532881005A2B77 /* DatabaseManager.swift in Sources */,
				8DDEDA582654A32800DA6D88 /* ViewControllerProfile.swift in Sources */,
				0B299CFC26531CA8005A2B77 /* AppDelegate.swift in Sources */,
				8DDEDA55265498B200DA6D88 /* ViewControllerMyFriends.swift in Sources */,
				0FA6E2D926549D5700EC7133 /* VCSignUp.swift in Sources */,
				0B299CFE26531CA8005A2B77 /* SceneDelegate.swift in Sources */,
				0B33D181265440430006B132 /* VCCreateLunchbreak.swift in Sources */,
			);
			runOnlyForDeploymentPostprocessing = 0;
		};
/* End PBXSourcesBuildPhase section */

/* Begin PBXVariantGroup section */
		0B299D0126531CA8005A2B77 /* Main.storyboard */ = {
			isa = PBXVariantGroup;
			children = (
				0B299D0226531CA8005A2B77 /* Base */,
			);
			name = Main.storyboard;
			sourceTree = "<group>";
		};
		0B299D0626531CA9005A2B77 /* LaunchScreen.storyboard */ = {
			isa = PBXVariantGroup;
			children = (
				0B299D0726531CA9005A2B77 /* Base */,
			);
			name = LaunchScreen.storyboard;
			sourceTree = "<group>";
		};
/* End PBXVariantGroup section */

/* Begin XCBuildConfiguration section */
		0B299D0A26531CA9005A2B77 /* Debug */ = {
			isa = XCBuildConfiguration;
			buildSettings = {
				ALWAYS_SEARCH_USER_PATHS = NO;
				CLANG_ANALYZER_NONNULL = YES;
				CLANG_ANALYZER_NUMBER_OBJECT_CONVERSION = YES_AGGRESSIVE;
				CLANG_CXX_LANGUAGE_STANDARD = "gnu++14";
				CLANG_CXX_LIBRARY = "libc++";
				CLANG_ENABLE_MODULES = YES;
				CLANG_ENABLE_OBJC_ARC = YES;
				CLANG_ENABLE_OBJC_WEAK = YES;
				CLANG_WARN_BLOCK_CAPTURE_AUTORELEASING = YES;
				CLANG_WARN_BOOL_CONVERSION = YES;
				CLANG_WARN_COMMA = YES;
				CLANG_WARN_CONSTANT_CONVERSION = YES;
				CLANG_WARN_DEPRECATED_OBJC_IMPLEMENTATIONS = YES;
				CLANG_WARN_DIRECT_OBJC_ISA_USAGE = YES_ERROR;
				CLANG_WARN_DOCUMENTATION_COMMENTS = YES;
				CLANG_WARN_EMPTY_BODY = YES;
				CLANG_WARN_ENUM_CONVERSION = YES;
				CLANG_WARN_INFINITE_RECURSION = YES;
				CLANG_WARN_INT_CONVERSION = YES;
				CLANG_WARN_NON_LITERAL_NULL_CONVERSION = YES;
				CLANG_WARN_OBJC_IMPLICIT_RETAIN_SELF = YES;
				CLANG_WARN_OBJC_LITERAL_CONVERSION = YES;
				CLANG_WARN_OBJC_ROOT_CLASS = YES_ERROR;
				CLANG_WARN_QUOTED_INCLUDE_IN_FRAMEWORK_HEADER = YES;
				CLANG_WARN_RANGE_LOOP_ANALYSIS = YES;
				CLANG_WARN_STRICT_PROTOTYPES = YES;
				CLANG_WARN_SUSPICIOUS_MOVE = YES;
				CLANG_WARN_UNGUARDED_AVAILABILITY = YES_AGGRESSIVE;
				CLANG_WARN_UNREACHABLE_CODE = YES;
				CLANG_WARN__DUPLICATE_METHOD_MATCH = YES;
				COPY_PHASE_STRIP = NO;
				DEBUG_INFORMATION_FORMAT = dwarf;
				ENABLE_STRICT_OBJC_MSGSEND = YES;
				ENABLE_TESTABILITY = YES;
				GCC_C_LANGUAGE_STANDARD = gnu11;
				GCC_DYNAMIC_NO_PIC = NO;
				GCC_NO_COMMON_BLOCKS = YES;
				GCC_OPTIMIZATION_LEVEL = 0;
				GCC_PREPROCESSOR_DEFINITIONS = (
					"DEBUG=1",
					"$(inherited)",
				);
				GCC_WARN_64_TO_32_BIT_CONVERSION = YES;
				GCC_WARN_ABOUT_RETURN_TYPE = YES_ERROR;
				GCC_WARN_UNDECLARED_SELECTOR = YES;
				GCC_WARN_UNINITIALIZED_AUTOS = YES_AGGRESSIVE;
				GCC_WARN_UNUSED_FUNCTION = YES;
				GCC_WARN_UNUSED_VARIABLE = YES;
				IPHONEOS_DEPLOYMENT_TARGET = 14.1;
				MTL_ENABLE_DEBUG_INFO = INCLUDE_SOURCE;
				MTL_FAST_MATH = YES;
				ONLY_ACTIVE_ARCH = YES;
				SDKROOT = iphoneos;
				SWIFT_ACTIVE_COMPILATION_CONDITIONS = DEBUG;
				SWIFT_OPTIMIZATION_LEVEL = "-Onone";
			};
			name = Debug;
		};
		0B299D0B26531CA9005A2B77 /* Release */ = {
			isa = XCBuildConfiguration;
			buildSettings = {
				ALWAYS_SEARCH_USER_PATHS = NO;
				CLANG_ANALYZER_NONNULL = YES;
				CLANG_ANALYZER_NUMBER_OBJECT_CONVERSION = YES_AGGRESSIVE;
				CLANG_CXX_LANGUAGE_STANDARD = "gnu++14";
				CLANG_CXX_LIBRARY = "libc++";
				CLANG_ENABLE_MODULES = YES;
				CLANG_ENABLE_OBJC_ARC = YES;
				CLANG_ENABLE_OBJC_WEAK = YES;
				CLANG_WARN_BLOCK_CAPTURE_AUTORELEASING = YES;
				CLANG_WARN_BOOL_CONVERSION = YES;
				CLANG_WARN_COMMA = YES;
				CLANG_WARN_CONSTANT_CONVERSION = YES;
				CLANG_WARN_DEPRECATED_OBJC_IMPLEMENTATIONS = YES;
				CLANG_WARN_DIRECT_OBJC_ISA_USAGE = YES_ERROR;
				CLANG_WARN_DOCUMENTATION_COMMENTS = YES;
				CLANG_WARN_EMPTY_BODY = YES;
				CLANG_WARN_ENUM_CONVERSION = YES;
				CLANG_WARN_INFINITE_RECURSION = YES;
				CLANG_WARN_INT_CONVERSION = YES;
				CLANG_WARN_NON_LITERAL_NULL_CONVERSION = YES;
				CLANG_WARN_OBJC_IMPLICIT_RETAIN_SELF = YES;
				CLANG_WARN_OBJC_LITERAL_CONVERSION = YES;
				CLANG_WARN_OBJC_ROOT_CLASS = YES_ERROR;
				CLANG_WARN_QUOTED_INCLUDE_IN_FRAMEWORK_HEADER = YES;
				CLANG_WARN_RANGE_LOOP_ANALYSIS = YES;
				CLANG_WARN_STRICT_PROTOTYPES = YES;
				CLANG_WARN_SUSPICIOUS_MOVE = YES;
				CLANG_WARN_UNGUARDED_AVAILABILITY = YES_AGGRESSIVE;
				CLANG_WARN_UNREACHABLE_CODE = YES;
				CLANG_WARN__DUPLICATE_METHOD_MATCH = YES;
				COPY_PHASE_STRIP = NO;
				DEBUG_INFORMATION_FORMAT = "dwarf-with-dsym";
				ENABLE_NS_ASSERTIONS = NO;
				ENABLE_STRICT_OBJC_MSGSEND = YES;
				GCC_C_LANGUAGE_STANDARD = gnu11;
				GCC_NO_COMMON_BLOCKS = YES;
				GCC_WARN_64_TO_32_BIT_CONVERSION = YES;
				GCC_WARN_ABOUT_RETURN_TYPE = YES_ERROR;
				GCC_WARN_UNDECLARED_SELECTOR = YES;
				GCC_WARN_UNINITIALIZED_AUTOS = YES_AGGRESSIVE;
				GCC_WARN_UNUSED_FUNCTION = YES;
				GCC_WARN_UNUSED_VARIABLE = YES;
				IPHONEOS_DEPLOYMENT_TARGET = 14.1;
				MTL_ENABLE_DEBUG_INFO = NO;
				MTL_FAST_MATH = YES;
				SDKROOT = iphoneos;
				SWIFT_COMPILATION_MODE = wholemodule;
				SWIFT_OPTIMIZATION_LEVEL = "-O";
				VALIDATE_PRODUCT = YES;
			};
			name = Release;
		};
		0B299D0D26531CA9005A2B77 /* Debug */ = {
			isa = XCBuildConfiguration;
			baseConfigurationReference = B113359C2A489C3EE07AD245 /* Pods-APIS_Lunchbreak.debug.xcconfig */;
			buildSettings = {
				ASSETCATALOG_COMPILER_APPICON_NAME = AppIcon;
				ASSETCATALOG_COMPILER_GLOBAL_ACCENT_COLOR_NAME = AccentColor;
				CODE_SIGN_STYLE = Automatic;
				DEVELOPMENT_TEAM = 46T93546RZ;
				INFOPLIST_FILE = APIS_Lunchbreak/Info.plist;
				LD_RUNPATH_SEARCH_PATHS = (
					"$(inherited)",
					"@executable_path/Frameworks",
				);
				PRODUCT_BUNDLE_IDENTIFIER = "com.appcoda.APIS-Lunchbreak";
				PRODUCT_NAME = "$(TARGET_NAME)";
				SWIFT_VERSION = 5.0;
				TARGETED_DEVICE_FAMILY = "1,2";
			};
			name = Debug;
		};
		0B299D0E26531CA9005A2B77 /* Release */ = {
			isa = XCBuildConfiguration;
			baseConfigurationReference = 744AEEE3700BC57B4FB3FF97 /* Pods-APIS_Lunchbreak.release.xcconfig */;
			buildSettings = {
				ASSETCATALOG_COMPILER_APPICON_NAME = AppIcon;
				ASSETCATALOG_COMPILER_GLOBAL_ACCENT_COLOR_NAME = AccentColor;
				CODE_SIGN_STYLE = Automatic;
				DEVELOPMENT_TEAM = 46T93546RZ;
				INFOPLIST_FILE = APIS_Lunchbreak/Info.plist;
				LD_RUNPATH_SEARCH_PATHS = (
					"$(inherited)",
					"@executable_path/Frameworks",
				);
				PRODUCT_BUNDLE_IDENTIFIER = "com.appcoda.APIS-Lunchbreak";
				PRODUCT_NAME = "$(TARGET_NAME)";
				SWIFT_VERSION = 5.0;
				TARGETED_DEVICE_FAMILY = "1,2";
			};
			name = Release;
		};
/* End XCBuildConfiguration section */

/* Begin XCConfigurationList section */
		0B299CF326531CA7005A2B77 /* Build configuration list for PBXProject "APIS_Lunchbreak" */ = {
			isa = XCConfigurationList;
			buildConfigurations = (
				0B299D0A26531CA9005A2B77 /* Debug */,
				0B299D0B26531CA9005A2B77 /* Release */,
			);
			defaultConfigurationIsVisible = 0;
			defaultConfigurationName = Release;
		};
		0B299D0C26531CA9005A2B77 /* Build configuration list for PBXNativeTarget "APIS_Lunchbreak" */ = {
			isa = XCConfigurationList;
			buildConfigurations = (
				0B299D0D26531CA9005A2B77 /* Debug */,
				0B299D0E26531CA9005A2B77 /* Release */,
			);
			defaultConfigurationIsVisible = 0;
			defaultConfigurationName = Release;
		};
/* End XCConfigurationList section */
	};
	rootObject = 0B299CF026531CA7005A2B77 /* Project object */;
}
